
Microsoft Visual Studio Solution File, Format Version 12.00
# Visual Studio 15
VisualStudioVersion = 15.0.26228.10
MinimumVisualStudioVersion = 10.0.40219.1
Project("{9A19103F-16F7-4668-BE54-9A1E7A4F7556}") = "HC.Patient.Web", "HC.Patient\HC.Web\HC.Patient.Web.csproj", "{C80A0520-39A5-4BDD-A4CD-6EC0E0132FAC}"
EndProject
Project("{9A19103F-16F7-4668-BE54-9A1E7A4F7556}") = "HC.Patient.Data", "HC.Patient\HC.Data\HC.Patient.Data.csproj", "{EA061228-DC48-46F8-8DEE-646BC37C68A4}"
EndProject
Project("{9A19103F-16F7-4668-BE54-9A1E7A4F7556}") = "HC.Patient.Entity", "HC.Patient\HC.Entity\HC.Patient.Entity.csproj", "{AD8ADBC1-3432-463F-8F4A-F7A084B07F35}"
EndProject
Project("{9A19103F-16F7-4668-BE54-9A1E7A4F7556}") = "HC.Patient.Service", "HC.Patient\HC.Service\HC.Patient.Service.csproj", "{0983612E-95BD-426D-803E-4FFFF01C381F}"
EndProject
Project("{9A19103F-16F7-4668-BE54-9A1E7A4F7556}") = "HC.Common", "HC.Common\HC.Common\HC.Common.csproj", "{C781BD15-B664-4BE9-B118-566FB96DC84B}"
EndProject
Project("{9A19103F-16F7-4668-BE54-9A1E7A4F7556}") = "HC.Patient.Model", "HC.Patient\HC.Model\HC.Patient.Model.csproj", "{6EF0D9C7-2AF2-4816-88D8-87A58B777731}"
EndProject
Project("{2150E333-8FDC-42A3-9474-1A3956D46DE8}") = "Common", "Common", "{BB00E36C-DDB6-41BA-9D01-26661DCADEAC}"
EndProject
Project("{2150E333-8FDC-42A3-9474-1A3956D46DE8}") = "Patient", "Patient", "{4835C260-F422-44A1-A36D-E5E35DFF5AC8}"
EndProject
Project("{9A19103F-16F7-4668-BE54-9A1E7A4F7556}") = "HC.Patient.Repositories", "HC.Patient\HC.Repositories\HC.Patient.Repositories.csproj", "{AA8B23EC-EB66-41F2-ABEF-FE80CD62B384}"
EndProject
Project("{9A19103F-16F7-4668-BE54-9A1E7A4F7556}") = "HC.Repositories", "HC.Common\HC.Repositories\HC.Repositories.csproj", "{662D8DB0-BFA4-4C0F-9539-534808A4408B}"
EndProject
Project("{9A19103F-16F7-4668-BE54-9A1E7A4F7556}") = "HC.Service", "HC.Common\HC.Service\HC.Service.csproj", "{5BD49C57-F0B8-4AAC-B09E-2E2FABD4554A}"
EndProject
Project("{9A19103F-16F7-4668-BE54-9A1E7A4F7556}") = "HC.Model", "HC.Common\HC.Model\HC.Model.csproj", "{52DD3FE6-1EF8-4BFA-85FB-1DE006225C33}"
EndProject
Project("{2150E333-8FDC-42A3-9474-1A3956D46DE8}") = "TestCases", "TestCases", "{CFAFD6F1-5DFC-4DD3-9A18-BFBD554EB149}"
EndProject
Project("{FAE04EC0-301F-11D3-BF4B-00C04F79EFBC}") = "HC.Patient.xUnitTest", "HC.UnitTest\HC.Patient.xUnitTest\HC.Patient.xUnitTest.csproj", "{0D91403C-06B4-44BD-95AA-189C87CFD2DA}"
EndProject
Global
	GlobalSection(SolutionConfigurationPlatforms) = preSolution
		Debug|Any CPU = Debug|Any CPU
		Release|Any CPU = Release|Any CPU
	EndGlobalSection
	GlobalSection(ProjectConfigurationPlatforms) = postSolution
		{C80A0520-39A5-4BDD-A4CD-6EC0E0132FAC}.Debug|Any CPU.ActiveCfg = Debug|Any CPU
		{C80A0520-39A5-4BDD-A4CD-6EC0E0132FAC}.Debug|Any CPU.Build.0 = Debug|Any CPU
		{C80A0520-39A5-4BDD-A4CD-6EC0E0132FAC}.Release|Any CPU.ActiveCfg = Release|Any CPU
		{C80A0520-39A5-4BDD-A4CD-6EC0E0132FAC}.Release|Any CPU.Build.0 = Release|Any CPU
		{EA061228-DC48-46F8-8DEE-646BC37C68A4}.Debug|Any CPU.ActiveCfg = Debug|Any CPU
		{EA061228-DC48-46F8-8DEE-646BC37C68A4}.Debug|Any CPU.Build.0 = Debug|Any CPU
		{EA061228-DC48-46F8-8DEE-646BC37C68A4}.Release|Any CPU.ActiveCfg = Release|Any CPU
		{EA061228-DC48-46F8-8DEE-646BC37C68A4}.Release|Any CPU.Build.0 = Release|Any CPU
		{AD8ADBC1-3432-463F-8F4A-F7A084B07F35}.Debug|Any CPU.ActiveCfg = Debug|Any CPU
		{AD8ADBC1-3432-463F-8F4A-F7A084B07F35}.Debug|Any CPU.Build.0 = Debug|Any CPU
		{AD8ADBC1-3432-463F-8F4A-F7A084B07F35}.Release|Any CPU.ActiveCfg = Release|Any CPU
		{AD8ADBC1-3432-463F-8F4A-F7A084B07F35}.Release|Any CPU.Build.0 = Release|Any CPU
		{0983612E-95BD-426D-803E-4FFFF01C381F}.Debug|Any CPU.ActiveCfg = Debug|Any CPU
		{0983612E-95BD-426D-803E-4FFFF01C381F}.Debug|Any CPU.Build.0 = Debug|Any CPU
		{0983612E-95BD-426D-803E-4FFFF01C381F}.Release|Any CPU.ActiveCfg = Release|Any CPU
		{0983612E-95BD-426D-803E-4FFFF01C381F}.Release|Any CPU.Build.0 = Release|Any CPU
		{C781BD15-B664-4BE9-B118-566FB96DC84B}.Debug|Any CPU.ActiveCfg = Debug|Any CPU
		{C781BD15-B664-4BE9-B118-566FB96DC84B}.Debug|Any CPU.Build.0 = Debug|Any CPU
		{C781BD15-B664-4BE9-B118-566FB96DC84B}.Release|Any CPU.ActiveCfg = Release|Any CPU
		{C781BD15-B664-4BE9-B118-566FB96DC84B}.Release|Any CPU.Build.0 = Release|Any CPU
		{6EF0D9C7-2AF2-4816-88D8-87A58B777731}.Debug|Any CPU.ActiveCfg = Debug|Any CPU
		{6EF0D9C7-2AF2-4816-88D8-87A58B777731}.Debug|Any CPU.Build.0 = Debug|Any CPU
		{6EF0D9C7-2AF2-4816-88D8-87A58B777731}.Release|Any CPU.ActiveCfg = Release|Any CPU
		{6EF0D9C7-2AF2-4816-88D8-87A58B777731}.Release|Any CPU.Build.0 = Release|Any CPU
		{AA8B23EC-EB66-41F2-ABEF-FE80CD62B384}.Debug|Any CPU.ActiveCfg = Debug|Any CPU
		{AA8B23EC-EB66-41F2-ABEF-FE80CD62B384}.Debug|Any CPU.Build.0 = Debug|Any CPU
		{AA8B23EC-EB66-41F2-ABEF-FE80CD62B384}.Release|Any CPU.ActiveCfg = Release|Any CPU
		{AA8B23EC-EB66-41F2-ABEF-FE80CD62B384}.Release|Any CPU.Build.0 = Release|Any CPU
		{662D8DB0-BFA4-4C0F-9539-534808A4408B}.Debug|Any CPU.ActiveCfg = Debug|Any CPU
		{662D8DB0-BFA4-4C0F-9539-534808A4408B}.Debug|Any CPU.Build.0 = Debug|Any CPU
		{662D8DB0-BFA4-4C0F-9539-534808A4408B}.Release|Any CPU.ActiveCfg = Release|Any CPU
		{662D8DB0-BFA4-4C0F-9539-534808A4408B}.Release|Any CPU.Build.0 = Release|Any CPU
		{5BD49C57-F0B8-4AAC-B09E-2E2FABD4554A}.Debug|Any CPU.ActiveCfg = Debug|Any CPU
		{5BD49C57-F0B8-4AAC-B09E-2E2FABD4554A}.Debug|Any CPU.Build.0 = Debug|Any CPU
		{5BD49C57-F0B8-4AAC-B09E-2E2FABD4554A}.Release|Any CPU.ActiveCfg = Release|Any CPU
		{5BD49C57-F0B8-4AAC-B09E-2E2FABD4554A}.Release|Any CPU.Build.0 = Release|Any CPU
		{52DD3FE6-1EF8-4BFA-85FB-1DE006225C33}.Debug|Any CPU.ActiveCfg = Debug|Any CPU
		{52DD3FE6-1EF8-4BFA-85FB-1DE006225C33}.Debug|Any CPU.Build.0 = Debug|Any CPU
		{52DD3FE6-1EF8-4BFA-85FB-1DE006225C33}.Release|Any CPU.ActiveCfg = Release|Any CPU
		{52DD3FE6-1EF8-4BFA-85FB-1DE006225C33}.Release|Any CPU.Build.0 = Release|Any CPU
		{0D91403C-06B4-44BD-95AA-189C87CFD2DA}.Debug|Any CPU.ActiveCfg = Debug|Any CPU
		{0D91403C-06B4-44BD-95AA-189C87CFD2DA}.Debug|Any CPU.Build.0 = Debug|Any CPU
		{0D91403C-06B4-44BD-95AA-189C87CFD2DA}.Release|Any CPU.ActiveCfg = Release|Any CPU
		{0D91403C-06B4-44BD-95AA-189C87CFD2DA}.Release|Any CPU.Build.0 = Release|Any CPU
	EndGlobalSection
	GlobalSection(SolutionProperties) = preSolution
		HideSolutionNode = FALSE
	EndGlobalSection
	GlobalSection(NestedProjects) = preSolution
		{C80A0520-39A5-4BDD-A4CD-6EC0E0132FAC} = {4835C260-F422-44A1-A36D-E5E35DFF5AC8}
		{EA061228-DC48-46F8-8DEE-646BC37C68A4} = {4835C260-F422-44A1-A36D-E5E35DFF5AC8}
		{AD8ADBC1-3432-463F-8F4A-F7A084B07F35} = {4835C260-F422-44A1-A36D-E5E35DFF5AC8}
		{0983612E-95BD-426D-803E-4FFFF01C381F} = {4835C260-F422-44A1-A36D-E5E35DFF5AC8}
		{C781BD15-B664-4BE9-B118-566FB96DC84B} = {BB00E36C-DDB6-41BA-9D01-26661DCADEAC}
		{6EF0D9C7-2AF2-4816-88D8-87A58B777731} = {4835C260-F422-44A1-A36D-E5E35DFF5AC8}
		{AA8B23EC-EB66-41F2-ABEF-FE80CD62B384} = {4835C260-F422-44A1-A36D-E5E35DFF5AC8}
		{662D8DB0-BFA4-4C0F-9539-534808A4408B} = {BB00E36C-DDB6-41BA-9D01-26661DCADEAC}
		{5BD49C57-F0B8-4AAC-B09E-2E2FABD4554A} = {BB00E36C-DDB6-41BA-9D01-26661DCADEAC}
		{52DD3FE6-1EF8-4BFA-85FB-1DE006225C33} = {BB00E36C-DDB6-41BA-9D01-26661DCADEAC}
		{0D91403C-06B4-44BD-95AA-189C87CFD2DA} = {CFAFD6F1-5DFC-4DD3-9A18-BFBD554EB149}
	EndGlobalSection
EndGlobal
